// !$*UTF8*$!
{
	archiveVersion = 1;
	classes = {
	};
	objectVersion = 51;
	objects = {

/* Begin PBXBuildFile section */
		3C58FF7E272DDF090011B042 /* AppDelegate.swift in Sources */ = {isa = PBXBuildFile; fileRef = 3C58FF7D272DDF090011B042 /* AppDelegate.swift */; };
		3C58FF80272DDF090011B042 /* SceneDelegate.swift in Sources */ = {isa = PBXBuildFile; fileRef = 3C58FF7F272DDF090011B042 /* SceneDelegate.swift */; };
		3C58FF87272DDF120011B042 /* Assets.xcassets in Resources */ = {isa = PBXBuildFile; fileRef = 3C58FF86272DDF120011B042 /* Assets.xcassets */; };
		3C58FF8A272DDF120011B042 /* LaunchScreen.storyboard in Resources */ = {isa = PBXBuildFile; fileRef = 3C58FF88272DDF120011B042 /* LaunchScreen.storyboard */; };
		3C58FF9A272DE2080011B042 /* LoginController.swift in Sources */ = {isa = PBXBuildFile; fileRef = 3C58FF99272DE2080011B042 /* LoginController.swift */; };
		3C58FF9D272DEAF20011B042 /* Extensions.swift in Sources */ = {isa = PBXBuildFile; fileRef = 3C58FF9C272DEAF20011B042 /* Extensions.swift */; };
		3C8C6A23273DCCF700A70D06 /* SignUpController.swift in Sources */ = {isa = PBXBuildFile; fileRef = 3C8C6A22273DCCF700A70D06 /* SignUpController.swift */; };
		3C8C6A26273DDDFF00A70D06 /* AuthButton.swift in Sources */ = {isa = PBXBuildFile; fileRef = 3C8C6A25273DDDFF00A70D06 /* AuthButton.swift */; };
		3C8C6A29273FEAEF00A70D06 /* GoogleService-Info.plist in Resources */ = {isa = PBXBuildFile; fileRef = 3C8C6A28273FEAEF00A70D06 /* GoogleService-Info.plist */; };
		3C8C6A3F273FFE7400A70D06 /* HomeController.swift in Sources */ = {isa = PBXBuildFile; fileRef = 3C8C6A3E273FFE6E00A70D06 /* HomeController.swift */; };
		3C8C6A44274052E900A70D06 /* LocationInputActivationView.swift in Sources */ = {isa = PBXBuildFile; fileRef = 3C8C6A43274052E900A70D06 /* LocationInputActivationView.swift */; };
		6BB6C2E7EB11DB3AB6982106 /* Pods_UberCloneUIKit.framework in Frameworks */ = {isa = PBXBuildFile; fileRef = B34B24C229519B38CC5A8372 /* Pods_UberCloneUIKit.framework */; };
/* End PBXBuildFile section */

/* Begin PBXFileReference section */
		3C58FF7A272DDF090011B042 /* UberCloneUIKit.app */ = {isa = PBXFileReference; explicitFileType = wrapper.application; includeInIndex = 0; path = UberCloneUIKit.app; sourceTree = BUILT_PRODUCTS_DIR; };
		3C58FF7D272DDF090011B042 /* AppDelegate.swift */ = {isa = PBXFileReference; lastKnownFileType = sourcecode.swift; path = AppDelegate.swift; sourceTree = "<group>"; };
		3C58FF7F272DDF090011B042 /* SceneDelegate.swift */ = {isa = PBXFileReference; lastKnownFileType = sourcecode.swift; path = SceneDelegate.swift; sourceTree = "<group>"; };
		3C58FF86272DDF120011B042 /* Assets.xcassets */ = {isa = PBXFileReference; lastKnownFileType = folder.assetcatalog; path = Assets.xcassets; sourceTree = "<group>"; };
		3C58FF89272DDF120011B042 /* Base */ = {isa = PBXFileReference; lastKnownFileType = file.storyboard; name = Base; path = Base.lproj/LaunchScreen.storyboard; sourceTree = "<group>"; };
		3C58FF8B272DDF120011B042 /* Info.plist */ = {isa = PBXFileReference; lastKnownFileType = text.plist.xml; path = Info.plist; sourceTree = "<group>"; };
		3C58FF99272DE2080011B042 /* LoginController.swift */ = {isa = PBXFileReference; lastKnownFileType = sourcecode.swift; path = LoginController.swift; sourceTree = "<group>"; };
		3C58FF9C272DEAF20011B042 /* Extensions.swift */ = {isa = PBXFileReference; lastKnownFileType = sourcecode.swift; path = Extensions.swift; sourceTree = "<group>"; };
		3C8C6A22273DCCF700A70D06 /* SignUpController.swift */ = {isa = PBXFileReference; lastKnownFileType = sourcecode.swift; path = SignUpController.swift; sourceTree = "<group>"; };
		3C8C6A25273DDDFF00A70D06 /* AuthButton.swift */ = {isa = PBXFileReference; lastKnownFileType = sourcecode.swift; path = AuthButton.swift; sourceTree = "<group>"; };
		3C8C6A28273FEAEF00A70D06 /* GoogleService-Info.plist */ = {isa = PBXFileReference; fileEncoding = 4; lastKnownFileType = text.plist.xml; path = "GoogleService-Info.plist"; sourceTree = "<group>"; };
		3C8C6A3E273FFE6E00A70D06 /* HomeController.swift */ = {isa = PBXFileReference; lastKnownFileType = sourcecode.swift; path = HomeController.swift; sourceTree = "<group>"; };
		3C8C6A43274052E900A70D06 /* LocationInputActivationView.swift */ = {isa = PBXFileReference; lastKnownFileType = sourcecode.swift; path = LocationInputActivationView.swift; sourceTree = "<group>"; };
		65B905967E6B672E109292E1 /* Pods-UberCloneUIKit.release.xcconfig */ = {isa = PBXFileReference; includeInIndex = 1; lastKnownFileType = text.xcconfig; name = "Pods-UberCloneUIKit.release.xcconfig"; path = "Target Support Files/Pods-UberCloneUIKit/Pods-UberCloneUIKit.release.xcconfig"; sourceTree = "<group>"; };
		B34B24C229519B38CC5A8372 /* Pods_UberCloneUIKit.framework */ = {isa = PBXFileReference; explicitFileType = wrapper.framework; includeInIndex = 0; path = Pods_UberCloneUIKit.framework; sourceTree = BUILT_PRODUCTS_DIR; };
		D589F60006706A240F66EF70 /* Pods-UberCloneUIKit.debug.xcconfig */ = {isa = PBXFileReference; includeInIndex = 1; lastKnownFileType = text.xcconfig; name = "Pods-UberCloneUIKit.debug.xcconfig"; path = "Target Support Files/Pods-UberCloneUIKit/Pods-UberCloneUIKit.debug.xcconfig"; sourceTree = "<group>"; };
/* End PBXFileReference section */

/* Begin PBXFrameworksBuildPhase section */
		3C58FF77272DDF090011B042 /* Frameworks */ = {
			isa = PBXFrameworksBuildPhase;
			buildActionMask = 2147483647;
			files = (
				6BB6C2E7EB11DB3AB6982106 /* Pods_UberCloneUIKit.framework in Frameworks */,
			);
			runOnlyForDeploymentPostprocessing = 0;
		};
/* End PBXFrameworksBuildPhase section */

/* Begin PBXGroup section */
		3C58FF71272DDF090011B042 = {
			isa = PBXGroup;
			children = (
				3C58FF7C272DDF090011B042 /* UberCloneUIKit */,
				3C58FF7B272DDF090011B042 /* Products */,
				F828CE40F7C86F0BFAD514C8 /* Pods */,
				F04BB10EA71691111117AD67 /* Frameworks */,
			);
			sourceTree = "<group>";
		};
		3C58FF7B272DDF090011B042 /* Products */ = {
			isa = PBXGroup;
			children = (
				3C58FF7A272DDF090011B042 /* UberCloneUIKit.app */,
			);
			name = Products;
			sourceTree = "<group>";
		};
		3C58FF7C272DDF090011B042 /* UberCloneUIKit */ = {
			isa = PBXGroup;
			children = (
				3C58FF97272DE15B0011B042 /* Model */,
				3C58FF96272DE1590011B042 /* View */,
				3C58FF95272DE1560011B042 /* Controller */,
				3C58FF94272DE1540011B042 /* Service */,
				3C58FF93272DE1520011B042 /* Utils */,
				3C58FF7D272DDF090011B042 /* AppDelegate.swift */,
				3C58FF7F272DDF090011B042 /* SceneDelegate.swift */,
				3C58FF86272DDF120011B042 /* Assets.xcassets */,
				3C8C6A28273FEAEF00A70D06 /* GoogleService-Info.plist */,
				3C58FF88272DDF120011B042 /* LaunchScreen.storyboard */,
				3C58FF8B272DDF120011B042 /* Info.plist */,
			);
			path = UberCloneUIKit;
			sourceTree = "<group>";
		};
		3C58FF93272DE1520011B042 /* Utils */ = {
			isa = PBXGroup;
			children = (
				3C58FF9C272DEAF20011B042 /* Extensions.swift */,
			);
			path = Utils;
			sourceTree = "<group>";
		};
		3C58FF94272DE1540011B042 /* Service */ = {
			isa = PBXGroup;
			children = (
			);
			path = Service;
			sourceTree = "<group>";
		};
		3C58FF95272DE1560011B042 /* Controller */ = {
			isa = PBXGroup;
			children = (
				3C58FF99272DE2080011B042 /* LoginController.swift */,
				3C8C6A3E273FFE6E00A70D06 /* HomeController.swift */,
				3C8C6A22273DCCF700A70D06 /* SignUpController.swift */,
			);
			path = Controller;
			sourceTree = "<group>";
		};
		3C58FF96272DE1590011B042 /* View */ = {
			isa = PBXGroup;
			children = (
				3C8C6A25273DDDFF00A70D06 /* AuthButton.swift */,
				3C8C6A43274052E900A70D06 /* LocationInputActivationView.swift */,
			);
			path = View;
			sourceTree = "<group>";
		};
		3C58FF97272DE15B0011B042 /* Model */ = {
			isa = PBXGroup;
			children = (
			);
			name = Model;
			sourceTree = "<group>";
		};
		F04BB10EA71691111117AD67 /* Frameworks */ = {
			isa = PBXGroup;
			children = (
				B34B24C229519B38CC5A8372 /* Pods_UberCloneUIKit.framework */,
			);
			name = Frameworks;
			sourceTree = "<group>";
		};
		F828CE40F7C86F0BFAD514C8 /* Pods */ = {
			isa = PBXGroup;
			children = (
				D589F60006706A240F66EF70 /* Pods-UberCloneUIKit.debug.xcconfig */,
				65B905967E6B672E109292E1 /* Pods-UberCloneUIKit.release.xcconfig */,
			);
			path = Pods;
			sourceTree = "<group>";
		};
/* End PBXGroup section */

/* Begin PBXNativeTarget section */
		3C58FF79272DDF090011B042 /* UberCloneUIKit */ = {
			isa = PBXNativeTarget;
			buildConfigurationList = 3C58FF8E272DDF120011B042 /* Build configuration list for PBXNativeTarget "UberCloneUIKit" */;
			buildPhases = (
				BD5DD728DB9EF162650D9005 /* [CP] Check Pods Manifest.lock */,
				3C58FF76272DDF090011B042 /* Sources */,
				3C58FF77272DDF090011B042 /* Frameworks */,
				3C58FF78272DDF090011B042 /* Resources */,
				20D59EF7A9FC3F21BCB5F27D /* [CP] Embed Pods Frameworks */,
			);
			buildRules = (
			);
			dependencies = (
			);
			name = UberCloneUIKit;
			productName = UberCloneUIKit;
			productReference = 3C58FF7A272DDF090011B042 /* UberCloneUIKit.app */;
			productType = "com.apple.product-type.application";
		};
/* End PBXNativeTarget section */

/* Begin PBXProject section */
		3C58FF72272DDF090011B042 /* Project object */ = {
			isa = PBXProject;
			attributes = {
				LastSwiftUpdateCheck = 1230;
				LastUpgradeCheck = 1230;
				TargetAttributes = {
					3C58FF79272DDF090011B042 = {
						CreatedOnToolsVersion = 12.3;
					};
				};
			};
			buildConfigurationList = 3C58FF75272DDF090011B042 /* Build configuration list for PBXProject "UberCloneUIKit" */;
			compatibilityVersion = "Xcode 9.3";
			developmentRegion = en;
			hasScannedForEncodings = 0;
			knownRegions = (
				en,
				Base,
			);
			mainGroup = 3C58FF71272DDF090011B042;
			productRefGroup = 3C58FF7B272DDF090011B042 /* Products */;
			projectDirPath = "";
			projectRoot = "";
			targets = (
				3C58FF79272DDF090011B042 /* UberCloneUIKit */,
			);
		};
/* End PBXProject section */

/* Begin PBXResourcesBuildPhase section */
		3C58FF78272DDF090011B042 /* Resources */ = {
			isa = PBXResourcesBuildPhase;
			buildActionMask = 2147483647;
			files = (
				3C58FF8A272DDF120011B042 /* LaunchScreen.storyboard in Resources */,
				3C58FF87272DDF120011B042 /* Assets.xcassets in Resources */,
				3C8C6A29273FEAEF00A70D06 /* GoogleService-Info.plist in Resources */,
			);
			runOnlyForDeploymentPostprocessing = 0;
		};
/* End PBXResourcesBuildPhase section */

/* Begin PBXShellScriptBuildPhase section */
		20D59EF7A9FC3F21BCB5F27D /* [CP] Embed Pods Frameworks */ = {
			isa = PBXShellScriptBuildPhase;
			buildActionMask = 2147483647;
			files = (
			);
			inputFileListPaths = (
				"${PODS_ROOT}/Target Support Files/Pods-UberCloneUIKit/Pods-UberCloneUIKit-frameworks-${CONFIGURATION}-input-files.xcfilelist",
			);
			name = "[CP] Embed Pods Frameworks";
			outputFileListPaths = (
				"${PODS_ROOT}/Target Support Files/Pods-UberCloneUIKit/Pods-UberCloneUIKit-frameworks-${CONFIGURATION}-output-files.xcfilelist",
			);
			runOnlyForDeploymentPostprocessing = 0;
			shellPath = /bin/sh;
			shellScript = "\"${PODS_ROOT}/Target Support Files/Pods-UberCloneUIKit/Pods-UberCloneUIKit-frameworks.sh\"\n";
			showEnvVarsInLog = 0;
		};
		BD5DD728DB9EF162650D9005 /* [CP] Check Pods Manifest.lock */ = {
			isa = PBXShellScriptBuildPhase;
			buildActionMask = 2147483647;
			files = (
			);
			inputFileListPaths = (
			);
			inputPaths = (
				"${PODS_PODFILE_DIR_PATH}/Podfile.lock",
				"${PODS_ROOT}/Manifest.lock",
			);
			name = "[CP] Check Pods Manifest.lock";
			outputFileListPaths = (
			);
			outputPaths = (
				"$(DERIVED_FILE_DIR)/Pods-UberCloneUIKit-checkManifestLockResult.txt",
			);
			runOnlyForDeploymentPostprocessing = 0;
			shellPath = /bin/sh;
			shellScript = "diff \"${PODS_PODFILE_DIR_PATH}/Podfile.lock\" \"${PODS_ROOT}/Manifest.lock\" > /dev/null\nif [ $? != 0 ] ; then\n    # print error to STDERR\n    echo \"error: The sandbox is not in sync with the Podfile.lock. Run 'pod install' or update your CocoaPods installation.\" >&2\n    exit 1\nfi\n# This output is used by Xcode 'outputs' to avoid re-running this script phase.\necho \"SUCCESS\" > \"${SCRIPT_OUTPUT_FILE_0}\"\n";
			showEnvVarsInLog = 0;
		};
/* End PBXShellScriptBuildPhase section */

/* Begin PBXSourcesBuildPhase section */
		3C58FF76272DDF090011B042 /* Sources */ = {
			isa = PBXSourcesBuildPhase;
			buildActionMask = 2147483647;
			files = (
				3C8C6A23273DCCF700A70D06 /* SignUpController.swift in Sources */,
				3C8C6A26273DDDFF00A70D06 /* AuthButton.swift in Sources */,
				3C8C6A3F273FFE7400A70D06 /* HomeController.swift in Sources */,
				3C58FF7E272DDF090011B042 /* AppDelegate.swift in Sources */,
				3C58FF9A272DE2080011B042 /* LoginController.swift in Sources */,
				3C58FF80272DDF090011B042 /* SceneDelegate.swift in Sources */,
				3C8C6A44274052E900A70D06 /* LocationInputActivationView.swift in Sources */,
				3C58FF9D272DEAF20011B042 /* Extensions.swift in Sources */,
			);
			runOnlyForDeploymentPostprocessing = 0;
		};
/* End PBXSourcesBuildPhase section */

/* Begin PBXVariantGroup section */
		3C58FF88272DDF120011B042 /* LaunchScreen.storyboard */ = {
			isa = PBXVariantGroup;
			children = (
				3C58FF89272DDF120011B042 /* Base */,
			);
			name = LaunchScreen.storyboard;
			sourceTree = "<group>";
		};
/* End PBXVariantGroup section */

/* Begin XCBuildConfiguration section */
		3C58FF8C272DDF120011B042 /* Debug */ = {
			isa = XCBuildConfiguration;
			buildSettings = {
				ALWAYS_SEARCH_USER_PATHS = NO;
				CLANG_ANALYZER_NONNULL = YES;
				CLANG_ANALYZER_NUMBER_OBJECT_CONVERSION = YES_AGGRESSIVE;
				CLANG_CXX_LANGUAGE_STANDARD = "gnu++14";
				CLANG_CXX_LIBRARY = "libc++";
				CLANG_ENABLE_MODULES = YES;
				CLANG_ENABLE_OBJC_ARC = YES;
				CLANG_ENABLE_OBJC_WEAK = YES;
				CLANG_WARN_BLOCK_CAPTURE_AUTORELEASING = YES;
				CLANG_WARN_BOOL_CONVERSION = YES;
				CLANG_WARN_COMMA = YES;
				CLANG_WARN_CONSTANT_CONVERSION = YES;
				CLANG_WARN_DEPRECATED_OBJC_IMPLEMENTATIONS = YES;
				CLANG_WARN_DIRECT_OBJC_ISA_USAGE = YES_ERROR;
				CLANG_WARN_DOCUMENTATION_COMMENTS = YES;
				CLANG_WARN_EMPTY_BODY = YES;
				CLANG_WARN_ENUM_CONVERSION = YES;
				CLANG_WARN_INFINITE_RECURSION = YES;
				CLANG_WARN_INT_CONVERSION = YES;
				CLANG_WARN_NON_LITERAL_NULL_CONVERSION = YES;
				CLANG_WARN_OBJC_IMPLICIT_RETAIN_SELF = YES;
				CLANG_WARN_OBJC_LITERAL_CONVERSION = YES;
				CLANG_WARN_OBJC_ROOT_CLASS = YES_ERROR;
				CLANG_WARN_QUOTED_INCLUDE_IN_FRAMEWORK_HEADER = YES;
				CLANG_WARN_RANGE_LOOP_ANALYSIS = YES;
				CLANG_WARN_STRICT_PROTOTYPES = YES;
				CLANG_WARN_SUSPICIOUS_MOVE = YES;
				CLANG_WARN_UNGUARDED_AVAILABILITY = YES_AGGRESSIVE;
				CLANG_WARN_UNREACHABLE_CODE = YES;
				CLANG_WARN__DUPLICATE_METHOD_MATCH = YES;
				COPY_PHASE_STRIP = NO;
				DEBUG_INFORMATION_FORMAT = dwarf;
				ENABLE_STRICT_OBJC_MSGSEND = YES;
				ENABLE_TESTABILITY = YES;
				GCC_C_LANGUAGE_STANDARD = gnu11;
				GCC_DYNAMIC_NO_PIC = NO;
				GCC_NO_COMMON_BLOCKS = YES;
				GCC_OPTIMIZATION_LEVEL = 0;
				GCC_PREPROCESSOR_DEFINITIONS = (
					"DEBUG=1",
					"$(inherited)",
				);
				GCC_WARN_64_TO_32_BIT_CONVERSION = YES;
				GCC_WARN_ABOUT_RETURN_TYPE = YES_ERROR;
				GCC_WARN_UNDECLARED_SELECTOR = YES;
				GCC_WARN_UNINITIALIZED_AUTOS = YES_AGGRESSIVE;
				GCC_WARN_UNUSED_FUNCTION = YES;
				GCC_WARN_UNUSED_VARIABLE = YES;
				IPHONEOS_DEPLOYMENT_TARGET = 14.3;
				MTL_ENABLE_DEBUG_INFO = INCLUDE_SOURCE;
				MTL_FAST_MATH = YES;
				ONLY_ACTIVE_ARCH = YES;
				SDKROOT = iphoneos;
				SWIFT_ACTIVE_COMPILATION_CONDITIONS = DEBUG;
				SWIFT_OPTIMIZATION_LEVEL = "-Onone";
			};
			name = Debug;
		};
		3C58FF8D272DDF120011B042 /* Release */ = {
			isa = XCBuildConfiguration;
			buildSettings = {
				ALWAYS_SEARCH_USER_PATHS = NO;
				CLANG_ANALYZER_NONNULL = YES;
				CLANG_ANALYZER_NUMBER_OBJECT_CONVERSION = YES_AGGRESSIVE;
				CLANG_CXX_LANGUAGE_STANDARD = "gnu++14";
				CLANG_CXX_LIBRARY = "libc++";
				CLANG_ENABLE_MODULES = YES;
				CLANG_ENABLE_OBJC_ARC = YES;
				CLANG_ENABLE_OBJC_WEAK = YES;
				CLANG_WARN_BLOCK_CAPTURE_AUTORELEASING = YES;
				CLANG_WARN_BOOL_CONVERSION = YES;
				CLANG_WARN_COMMA = YES;
				CLANG_WARN_CONSTANT_CONVERSION = YES;
				CLANG_WARN_DEPRECATED_OBJC_IMPLEMENTATIONS = YES;
				CLANG_WARN_DIRECT_OBJC_ISA_USAGE = YES_ERROR;
				CLANG_WARN_DOCUMENTATION_COMMENTS = YES;
				CLANG_WARN_EMPTY_BODY = YES;
				CLANG_WARN_ENUM_CONVERSION = YES;
				CLANG_WARN_INFINITE_RECURSION = YES;
				CLANG_WARN_INT_CONVERSION = YES;
				CLANG_WARN_NON_LITERAL_NULL_CONVERSION = YES;
				CLANG_WARN_OBJC_IMPLICIT_RETAIN_SELF = YES;
				CLANG_WARN_OBJC_LITERAL_CONVERSION = YES;
				CLANG_WARN_OBJC_ROOT_CLASS = YES_ERROR;
				CLANG_WARN_QUOTED_INCLUDE_IN_FRAMEWORK_HEADER = YES;
				CLANG_WARN_RANGE_LOOP_ANALYSIS = YES;
				CLANG_WARN_STRICT_PROTOTYPES = YES;
				CLANG_WARN_SUSPICIOUS_MOVE = YES;
				CLANG_WARN_UNGUARDED_AVAILABILITY = YES_AGGRESSIVE;
				CLANG_WARN_UNREACHABLE_CODE = YES;
				CLANG_WARN__DUPLICATE_METHOD_MATCH = YES;
				COPY_PHASE_STRIP = NO;
				DEBUG_INFORMATION_FORMAT = "dwarf-with-dsym";
				ENABLE_NS_ASSERTIONS = NO;
				ENABLE_STRICT_OBJC_MSGSEND = YES;
				GCC_C_LANGUAGE_STANDARD = gnu11;
				GCC_NO_COMMON_BLOCKS = YES;
				GCC_WARN_64_TO_32_BIT_CONVERSION = YES;
				GCC_WARN_ABOUT_RETURN_TYPE = YES_ERROR;
				GCC_WARN_UNDECLARED_SELECTOR = YES;
				GCC_WARN_UNINITIALIZED_AUTOS = YES_AGGRESSIVE;
				GCC_WARN_UNUSED_FUNCTION = YES;
				GCC_WARN_UNUSED_VARIABLE = YES;
				IPHONEOS_DEPLOYMENT_TARGET = 14.3;
				MTL_ENABLE_DEBUG_INFO = NO;
				MTL_FAST_MATH = YES;
				SDKROOT = iphoneos;
				SWIFT_COMPILATION_MODE = wholemodule;
				SWIFT_OPTIMIZATION_LEVEL = "-O";
				VALIDATE_PRODUCT = YES;
			};
			name = Release;
		};
		3C58FF8F272DDF120011B042 /* Debug */ = {
			isa = XCBuildConfiguration;
			baseConfigurationReference = D589F60006706A240F66EF70 /* Pods-UberCloneUIKit.debug.xcconfig */;
			buildSettings = {
				ASSETCATALOG_COMPILER_APPICON_NAME = AppIcon;
				ASSETCATALOG_COMPILER_GLOBAL_ACCENT_COLOR_NAME = AccentColor;
				CODE_SIGN_STYLE = Automatic;
				DEVELOPMENT_TEAM = 2VVNCY5AAT;
				INFOPLIST_FILE = UberCloneUIKit/Info.plist;
				IPHONEOS_DEPLOYMENT_TARGET = 14.0;
				LD_RUNPATH_SEARCH_PATHS = (
					"$(inherited)",
					"@executable_path/Frameworks",
				);
				PRODUCT_BUNDLE_IDENTIFIER = com.caleb.UberCloneUIKit;
				PRODUCT_NAME = "$(TARGET_NAME)";
				SWIFT_VERSION = 5.0;
				TARGETED_DEVICE_FAMILY = "1,2";
			};
			name = Debug;
		};
		3C58FF90272DDF120011B042 /* Release */ = {
			isa = XCBuildConfiguration;
			baseConfigurationReference = 65B905967E6B672E109292E1 /* Pods-UberCloneUIKit.release.xcconfig */;
			buildSettings = {
				ASSETCATALOG_COMPILER_APPICON_NAME = AppIcon;
				ASSETCATALOG_COMPILER_GLOBAL_ACCENT_COLOR_NAME = AccentColor;
				CODE_SIGN_STYLE = Automatic;
				DEVELOPMENT_TEAM = 2VVNCY5AAT;
				INFOPLIST_FILE = UberCloneUIKit/Info.plist;
				IPHONEOS_DEPLOYMENT_TARGET = 14.0;
				LD_RUNPATH_SEARCH_PATHS = (
					"$(inherited)",
					"@executable_path/Frameworks",
				);
				PRODUCT_BUNDLE_IDENTIFIER = com.caleb.UberCloneUIKit;
				PRODUCT_NAME = "$(TARGET_NAME)";
				SWIFT_VERSION = 5.0;
				TARGETED_DEVICE_FAMILY = "1,2";
			};
			name = Release;
		};
/* End XCBuildConfiguration section */

/* Begin XCConfigurationList section */
		3C58FF75272DDF090011B042 /* Build configuration list for PBXProject "UberCloneUIKit" */ = {
			isa = XCConfigurationList;
			buildConfigurations = (
				3C58FF8C272DDF120011B042 /* Debug */,
				3C58FF8D272DDF120011B042 /* Release */,
			);
			defaultConfigurationIsVisible = 0;
			defaultConfigurationName = Release;
		};
		3C58FF8E272DDF120011B042 /* Build configuration list for PBXNativeTarget "UberCloneUIKit" */ = {
			isa = XCConfigurationList;
			buildConfigurations = (
				3C58FF8F272DDF120011B042 /* Debug */,
				3C58FF90272DDF120011B042 /* Release */,
			);
			defaultConfigurationIsVisible = 0;
			defaultConfigurationName = Release;
		};
/* End XCConfigurationList section */
	};
	rootObject = 3C58FF72272DDF090011B042 /* Project object */;
}
